
Microsoft Visual Studio Solution File, Format Version 12.00
Project("{FAE04EC0-301F-11D3-BF4B-00C04F79EFBC}") = "KazooDotNet.Middleware.Cors", "KazooDotNet.Middleware.Cors\KazooDotNet.Middleware.Cors.csproj", "{A1D7E526-3D28-4E14-AE0F-F7574BD0B620}"
EndProject
Global
	GlobalSection(SolutionConfigurationPlatforms) = preSolution
		Debug|Any CPU = Debug|Any CPU
		Release|Any CPU = Release|Any CPU
	EndGlobalSection
	GlobalSection(ProjectConfigurationPlatforms) = postSolution
		{A1D7E526-3D28-4E14-AE0F-F7574BD0B620}.Debug|Any CPU.ActiveCfg = Debug|Any CPU
		{A1D7E526-3D28-4E14-AE0F-F7574BD0B620}.Debug|Any CPU.Build.0 = Debug|Any CPU
		{A1D7E526-3D28-4E14-AE0F-F7574BD0B620}.Release|Any CPU.ActiveCfg = Release|Any CPU
		{A1D7E526-3D28-4E14-AE0F-F7574BD0B620}.Release|Any CPU.Build.0 = Release|Any CPU
	EndGlobalSection
EndGlobal
